// !$*UTF8*$!
{
	archiveVersion = 1;
	classes = {
	};
	objectVersion = 55;
	objects = {

/* Begin PBXBuildFile section */
		0760E93B28A4E70800780358 /* CustomerPageViewController.swift in Sources */ = {isa = PBXBuildFile; fileRef = 0760E93A28A4E70800780358 /* CustomerPageViewController.swift */; };
		0760E94028A4E95900780358 /* CashierPageViewController.swift in Sources */ = {isa = PBXBuildFile; fileRef = 0760E93F28A4E95900780358 /* CashierPageViewController.swift */; };
		0760E94228A4E96F00780358 /* CashierPageScreen.storyboard in Resources */ = {isa = PBXBuildFile; fileRef = 0760E94128A4E96F00780358 /* CashierPageScreen.storyboard */; };
		0760E94428A5051C00780358 /* CustomerPageScreen.storyboard in Resources */ = {isa = PBXBuildFile; fileRef = 0760E94328A5051C00780358 /* CustomerPageScreen.storyboard */; };
		07FA253228A40448009A928D /* AppDelegate.swift in Sources */ = {isa = PBXBuildFile; fileRef = 07FA253128A40448009A928D /* AppDelegate.swift */; };
		07FA253428A40448009A928D /* SceneDelegate.swift in Sources */ = {isa = PBXBuildFile; fileRef = 07FA253328A40448009A928D /* SceneDelegate.swift */; };
		07FA253B28A4044B009A928D /* Assets.xcassets in Resources */ = {isa = PBXBuildFile; fileRef = 07FA253A28A4044B009A928D /* Assets.xcassets */; };
		07FA253E28A4044B009A928D /* LaunchScreen.storyboard in Resources */ = {isa = PBXBuildFile; fileRef = 07FA253C28A4044B009A928D /* LaunchScreen.storyboard */; };
		07FA254628A404DE009A928D /* SplashViewController.swift in Sources */ = {isa = PBXBuildFile; fileRef = 07FA254528A404DE009A928D /* SplashViewController.swift */; };
		07FA254A28A40501009A928D /* SplashScreen.storyboard in Resources */ = {isa = PBXBuildFile; fileRef = 07FA254928A40501009A928D /* SplashScreen.storyboard */; };
		07FA255428A40811009A928D /* HomeViewController.swift in Sources */ = {isa = PBXBuildFile; fileRef = 07FA255328A40811009A928D /* HomeViewController.swift */; };
		07FA255628A4081F009A928D /* HomeScreen.storyboard in Resources */ = {isa = PBXBuildFile; fileRef = 07FA255528A4081F009A928D /* HomeScreen.storyboard */; };
		07FA255828A40F15009A928D /* BaseViewController.swift in Sources */ = {isa = PBXBuildFile; fileRef = 07FA255728A40F15009A928D /* BaseViewController.swift */; };
		07FA255A28A413D0009A928D /* Storyboards.swift in Sources */ = {isa = PBXBuildFile; fileRef = 07FA255928A413D0009A928D /* Storyboards.swift */; };
/* End PBXBuildFile section */

/* Begin PBXFileReference section */
		0760E93A28A4E70800780358 /* CustomerPageViewController.swift */ = {isa = PBXFileReference; lastKnownFileType = sourcecode.swift; path = CustomerPageViewController.swift; sourceTree = "<group>"; };
		0760E93F28A4E95900780358 /* CashierPageViewController.swift */ = {isa = PBXFileReference; lastKnownFileType = sourcecode.swift; path = CashierPageViewController.swift; sourceTree = "<group>"; };
		0760E94128A4E96F00780358 /* CashierPageScreen.storyboard */ = {isa = PBXFileReference; lastKnownFileType = file.storyboard; path = CashierPageScreen.storyboard; sourceTree = "<group>"; };
		0760E94328A5051C00780358 /* CustomerPageScreen.storyboard */ = {isa = PBXFileReference; lastKnownFileType = file.storyboard; path = CustomerPageScreen.storyboard; sourceTree = "<group>"; };
		07FA252E28A40448009A928D /* MobilePayment.app */ = {isa = PBXFileReference; explicitFileType = wrapper.application; includeInIndex = 0; path = MobilePayment.app; sourceTree = BUILT_PRODUCTS_DIR; };
		07FA253128A40448009A928D /* AppDelegate.swift */ = {isa = PBXFileReference; lastKnownFileType = sourcecode.swift; path = AppDelegate.swift; sourceTree = "<group>"; };
		07FA253328A40448009A928D /* SceneDelegate.swift */ = {isa = PBXFileReference; lastKnownFileType = sourcecode.swift; path = SceneDelegate.swift; sourceTree = "<group>"; };
		07FA253A28A4044B009A928D /* Assets.xcassets */ = {isa = PBXFileReference; lastKnownFileType = folder.assetcatalog; path = Assets.xcassets; sourceTree = "<group>"; };
		07FA253D28A4044B009A928D /* Base */ = {isa = PBXFileReference; lastKnownFileType = file.storyboard; name = Base; path = Base.lproj/LaunchScreen.storyboard; sourceTree = "<group>"; };
		07FA253F28A4044B009A928D /* Info.plist */ = {isa = PBXFileReference; lastKnownFileType = text.plist.xml; path = Info.plist; sourceTree = "<group>"; };
		07FA254528A404DE009A928D /* SplashViewController.swift */ = {isa = PBXFileReference; lastKnownFileType = sourcecode.swift; path = SplashViewController.swift; sourceTree = "<group>"; };
		07FA254928A40501009A928D /* SplashScreen.storyboard */ = {isa = PBXFileReference; lastKnownFileType = file.storyboard; path = SplashScreen.storyboard; sourceTree = "<group>"; };
		07FA255328A40811009A928D /* HomeViewController.swift */ = {isa = PBXFileReference; lastKnownFileType = sourcecode.swift; path = HomeViewController.swift; sourceTree = "<group>"; };
		07FA255528A4081F009A928D /* HomeScreen.storyboard */ = {isa = PBXFileReference; lastKnownFileType = file.storyboard; path = HomeScreen.storyboard; sourceTree = "<group>"; };
		07FA255728A40F15009A928D /* BaseViewController.swift */ = {isa = PBXFileReference; lastKnownFileType = sourcecode.swift; path = BaseViewController.swift; sourceTree = "<group>"; };
		07FA255928A413D0009A928D /* Storyboards.swift */ = {isa = PBXFileReference; lastKnownFileType = sourcecode.swift; path = Storyboards.swift; sourceTree = "<group>"; };
/* End PBXFileReference section */

/* Begin PBXFrameworksBuildPhase section */
		07FA252B28A40448009A928D /* Frameworks */ = {
			isa = PBXFrameworksBuildPhase;
			buildActionMask = 2147483647;
			files = (
			);
			runOnlyForDeploymentPostprocessing = 0;
		};
/* End PBXFrameworksBuildPhase section */

/* Begin PBXGroup section */
		0760E93928A4E6EB00780358 /* CustomerPage */ = {
			isa = PBXGroup;
			children = (
				0760E93A28A4E70800780358 /* CustomerPageViewController.swift */,
				0760E94328A5051C00780358 /* CustomerPageScreen.storyboard */,
			);
			path = CustomerPage;
			sourceTree = "<group>";
		};
		0760E93E28A4E93200780358 /* CashierPage */ = {
			isa = PBXGroup;
			children = (
				0760E93F28A4E95900780358 /* CashierPageViewController.swift */,
				0760E94128A4E96F00780358 /* CashierPageScreen.storyboard */,
			);
			path = CashierPage;
			sourceTree = "<group>";
		};
		07FA252528A40448009A928D = {
			isa = PBXGroup;
			children = (
				07FA253028A40448009A928D /* MobilePayment */,
				07FA252F28A40448009A928D /* Products */,
			);
			sourceTree = "<group>";
		};
		07FA252F28A40448009A928D /* Products */ = {
			isa = PBXGroup;
			children = (
				07FA252E28A40448009A928D /* MobilePayment.app */,
			);
			name = Products;
			sourceTree = "<group>";
		};
		07FA253028A40448009A928D /* MobilePayment */ = {
			isa = PBXGroup;
			children = (
				07FA255028A405C1009A928D /* Base */,
				07FA254F28A405B3009A928D /* Resources */,
				07FA254E28A405A9009A928D /* Constants */,
				07FA254D28A40584009A928D /* ViewModel */,
				07FA254C28A4057B009A928D /* View */,
				07FA254B28A40574009A928D /* Model */,
				07FA253128A40448009A928D /* AppDelegate.swift */,
				07FA253328A40448009A928D /* SceneDelegate.swift */,
				07FA253C28A4044B009A928D /* LaunchScreen.storyboard */,
			);
			path = MobilePayment;
			sourceTree = "<group>";
		};
		07FA254B28A40574009A928D /* Model */ = {
			isa = PBXGroup;
			children = (
			);
			path = Model;
			sourceTree = "<group>";
		};
		07FA254C28A4057B009A928D /* View */ = {
			isa = PBXGroup;
			children = (
				0760E93E28A4E93200780358 /* CashierPage */,
				0760E93928A4E6EB00780358 /* CustomerPage */,
				07FA255228A407FF009A928D /* Home */,
				07FA255128A407E7009A928D /* Splash */,
			);
			path = View;
			sourceTree = "<group>";
		};
		07FA254D28A40584009A928D /* ViewModel */ = {
			isa = PBXGroup;
			children = (
			);
			path = ViewModel;
			sourceTree = "<group>";
		};
		07FA254E28A405A9009A928D /* Constants */ = {
			isa = PBXGroup;
			children = (
				07FA255928A413D0009A928D /* Storyboards.swift */,
			);
			path = Constants;
			sourceTree = "<group>";
		};
		07FA254F28A405B3009A928D /* Resources */ = {
			isa = PBXGroup;
			children = (
				07FA253A28A4044B009A928D /* Assets.xcassets */,
				07FA253F28A4044B009A928D /* Info.plist */,
			);
			path = Resources;
			sourceTree = "<group>";
		};
		07FA255028A405C1009A928D /* Base */ = {
			isa = PBXGroup;
			children = (
				07FA255728A40F15009A928D /* BaseViewController.swift */,
			);
			path = Base;
			sourceTree = "<group>";
		};
		07FA255128A407E7009A928D /* Splash */ = {
			isa = PBXGroup;
			children = (
				07FA254528A404DE009A928D /* SplashViewController.swift */,
				07FA254928A40501009A928D /* SplashScreen.storyboard */,
			);
			path = Splash;
			sourceTree = "<group>";
		};
		07FA255228A407FF009A928D /* Home */ = {
			isa = PBXGroup;
			children = (
				07FA255328A40811009A928D /* HomeViewController.swift */,
				07FA255528A4081F009A928D /* HomeScreen.storyboard */,
			);
			path = Home;
			sourceTree = "<group>";
		};
/* End PBXGroup section */

/* Begin PBXNativeTarget section */
		07FA252D28A40448009A928D /* MobilePayment */ = {
			isa = PBXNativeTarget;
			buildConfigurationList = 07FA254228A4044B009A928D /* Build configuration list for PBXNativeTarget "MobilePayment" */;
			buildPhases = (
				07FA252A28A40448009A928D /* Sources */,
				07FA252B28A40448009A928D /* Frameworks */,
				07FA252C28A40448009A928D /* Resources */,
			);
			buildRules = (
			);
			dependencies = (
			);
			name = MobilePayment;
			productName = MobilePayment;
			productReference = 07FA252E28A40448009A928D /* MobilePayment.app */;
			productType = "com.apple.product-type.application";
		};
/* End PBXNativeTarget section */

/* Begin PBXProject section */
		07FA252628A40448009A928D /* Project object */ = {
			isa = PBXProject;
			attributes = {
				BuildIndependentTargetsInParallel = 1;
				LastSwiftUpdateCheck = 1330;
				LastUpgradeCheck = 1330;
				TargetAttributes = {
					07FA252D28A40448009A928D = {
						CreatedOnToolsVersion = 13.3;
					};
				};
			};
			buildConfigurationList = 07FA252928A40448009A928D /* Build configuration list for PBXProject "MobilePayment" */;
			compatibilityVersion = "Xcode 13.0";
			developmentRegion = en;
			hasScannedForEncodings = 0;
			knownRegions = (
				en,
				Base,
			);
			mainGroup = 07FA252528A40448009A928D;
			productRefGroup = 07FA252F28A40448009A928D /* Products */;
			projectDirPath = "";
			projectRoot = "";
			targets = (
				07FA252D28A40448009A928D /* MobilePayment */,
			);
		};
/* End PBXProject section */

/* Begin PBXResourcesBuildPhase section */
		07FA252C28A40448009A928D /* Resources */ = {
			isa = PBXResourcesBuildPhase;
			buildActionMask = 2147483647;
			files = (
				07FA253E28A4044B009A928D /* LaunchScreen.storyboard in Resources */,
				07FA255628A4081F009A928D /* HomeScreen.storyboard in Resources */,
				07FA254A28A40501009A928D /* SplashScreen.storyboard in Resources */,
				0760E94428A5051C00780358 /* CustomerPageScreen.storyboard in Resources */,
				07FA253B28A4044B009A928D /* Assets.xcassets in Resources */,
				0760E94228A4E96F00780358 /* CashierPageScreen.storyboard in Resources */,
			);
			runOnlyForDeploymentPostprocessing = 0;
		};
/* End PBXResourcesBuildPhase section */

/* Begin PBXSourcesBuildPhase section */
		07FA252A28A40448009A928D /* Sources */ = {
			isa = PBXSourcesBuildPhase;
			buildActionMask = 2147483647;
			files = (
				07FA255A28A413D0009A928D /* Storyboards.swift in Sources */,
				07FA255828A40F15009A928D /* BaseViewController.swift in Sources */,
				07FA254628A404DE009A928D /* SplashViewController.swift in Sources */,
				07FA253228A40448009A928D /* AppDelegate.swift in Sources */,
				07FA253428A40448009A928D /* SceneDelegate.swift in Sources */,
				0760E94028A4E95900780358 /* CashierPageViewController.swift in Sources */,
				0760E93B28A4E70800780358 /* CustomerPageViewController.swift in Sources */,
				07FA255428A40811009A928D /* HomeViewController.swift in Sources */,
			);
			runOnlyForDeploymentPostprocessing = 0;
		};
/* End PBXSourcesBuildPhase section */

/* Begin PBXVariantGroup section */
		07FA253C28A4044B009A928D /* LaunchScreen.storyboard */ = {
			isa = PBXVariantGroup;
			children = (
				07FA253D28A4044B009A928D /* Base */,
			);
			name = LaunchScreen.storyboard;
			sourceTree = "<group>";
		};
/* End PBXVariantGroup section */

/* Begin XCBuildConfiguration section */
		07FA254028A4044B009A928D /* Debug */ = {
			isa = XCBuildConfiguration;
			buildSettings = {
				ALWAYS_SEARCH_USER_PATHS = NO;
				CLANG_ANALYZER_NONNULL = YES;
				CLANG_ANALYZER_NUMBER_OBJECT_CONVERSION = YES_AGGRESSIVE;
				CLANG_CXX_LANGUAGE_STANDARD = "gnu++17";
				CLANG_ENABLE_MODULES = YES;
				CLANG_ENABLE_OBJC_ARC = YES;
				CLANG_ENABLE_OBJC_WEAK = YES;
				CLANG_WARN_BLOCK_CAPTURE_AUTORELEASING = YES;
				CLANG_WARN_BOOL_CONVERSION = YES;
				CLANG_WARN_COMMA = YES;
				CLANG_WARN_CONSTANT_CONVERSION = YES;
				CLANG_WARN_DEPRECATED_OBJC_IMPLEMENTATIONS = YES;
				CLANG_WARN_DIRECT_OBJC_ISA_USAGE = YES_ERROR;
				CLANG_WARN_DOCUMENTATION_COMMENTS = YES;
				CLANG_WARN_EMPTY_BODY = YES;
				CLANG_WARN_ENUM_CONVERSION = YES;
				CLANG_WARN_INFINITE_RECURSION = YES;
				CLANG_WARN_INT_CONVERSION = YES;
				CLANG_WARN_NON_LITERAL_NULL_CONVERSION = YES;
				CLANG_WARN_OBJC_IMPLICIT_RETAIN_SELF = YES;
				CLANG_WARN_OBJC_LITERAL_CONVERSION = YES;
				CLANG_WARN_OBJC_ROOT_CLASS = YES_ERROR;
				CLANG_WARN_QUOTED_INCLUDE_IN_FRAMEWORK_HEADER = YES;
				CLANG_WARN_RANGE_LOOP_ANALYSIS = YES;
				CLANG_WARN_STRICT_PROTOTYPES = YES;
				CLANG_WARN_SUSPICIOUS_MOVE = YES;
				CLANG_WARN_UNGUARDED_AVAILABILITY = YES_AGGRESSIVE;
				CLANG_WARN_UNREACHABLE_CODE = YES;
				CLANG_WARN__DUPLICATE_METHOD_MATCH = YES;
				COPY_PHASE_STRIP = NO;
				DEBUG_INFORMATION_FORMAT = dwarf;
				ENABLE_STRICT_OBJC_MSGSEND = YES;
				ENABLE_TESTABILITY = YES;
				GCC_C_LANGUAGE_STANDARD = gnu11;
				GCC_DYNAMIC_NO_PIC = NO;
				GCC_NO_COMMON_BLOCKS = YES;
				GCC_OPTIMIZATION_LEVEL = 0;
				GCC_PREPROCESSOR_DEFINITIONS = (
					"DEBUG=1",
					"$(inherited)",
				);
				GCC_WARN_64_TO_32_BIT_CONVERSION = YES;
				GCC_WARN_ABOUT_RETURN_TYPE = YES_ERROR;
				GCC_WARN_UNDECLARED_SELECTOR = YES;
				GCC_WARN_UNINITIALIZED_AUTOS = YES_AGGRESSIVE;
				GCC_WARN_UNUSED_FUNCTION = YES;
				GCC_WARN_UNUSED_VARIABLE = YES;
				IPHONEOS_DEPLOYMENT_TARGET = 15.4;
				MTL_ENABLE_DEBUG_INFO = INCLUDE_SOURCE;
				MTL_FAST_MATH = YES;
				ONLY_ACTIVE_ARCH = YES;
				SDKROOT = iphoneos;
				SWIFT_ACTIVE_COMPILATION_CONDITIONS = DEBUG;
				SWIFT_OPTIMIZATION_LEVEL = "-Onone";
			};
			name = Debug;
		};
		07FA254128A4044B009A928D /* Release */ = {
			isa = XCBuildConfiguration;
			buildSettings = {
				ALWAYS_SEARCH_USER_PATHS = NO;
				CLANG_ANALYZER_NONNULL = YES;
				CLANG_ANALYZER_NUMBER_OBJECT_CONVERSION = YES_AGGRESSIVE;
				CLANG_CXX_LANGUAGE_STANDARD = "gnu++17";
				CLANG_ENABLE_MODULES = YES;
				CLANG_ENABLE_OBJC_ARC = YES;
				CLANG_ENABLE_OBJC_WEAK = YES;
				CLANG_WARN_BLOCK_CAPTURE_AUTORELEASING = YES;
				CLANG_WARN_BOOL_CONVERSION = YES;
				CLANG_WARN_COMMA = YES;
				CLANG_WARN_CONSTANT_CONVERSION = YES;
				CLANG_WARN_DEPRECATED_OBJC_IMPLEMENTATIONS = YES;
				CLANG_WARN_DIRECT_OBJC_ISA_USAGE = YES_ERROR;
				CLANG_WARN_DOCUMENTATION_COMMENTS = YES;
				CLANG_WARN_EMPTY_BODY = YES;
				CLANG_WARN_ENUM_CONVERSION = YES;
				CLANG_WARN_INFINITE_RECURSION = YES;
				CLANG_WARN_INT_CONVERSION = YES;
				CLANG_WARN_NON_LITERAL_NULL_CONVERSION = YES;
				CLANG_WARN_OBJC_IMPLICIT_RETAIN_SELF = YES;
				CLANG_WARN_OBJC_LITERAL_CONVERSION = YES;
				CLANG_WARN_OBJC_ROOT_CLASS = YES_ERROR;
				CLANG_WARN_QUOTED_INCLUDE_IN_FRAMEWORK_HEADER = YES;
				CLANG_WARN_RANGE_LOOP_ANALYSIS = YES;
				CLANG_WARN_STRICT_PROTOTYPES = YES;
				CLANG_WARN_SUSPICIOUS_MOVE = YES;
				CLANG_WARN_UNGUARDED_AVAILABILITY = YES_AGGRESSIVE;
				CLANG_WARN_UNREACHABLE_CODE = YES;
				CLANG_WARN__DUPLICATE_METHOD_MATCH = YES;
				COPY_PHASE_STRIP = NO;
				DEBUG_INFORMATION_FORMAT = "dwarf-with-dsym";
				ENABLE_NS_ASSERTIONS = NO;
				ENABLE_STRICT_OBJC_MSGSEND = YES;
				GCC_C_LANGUAGE_STANDARD = gnu11;
				GCC_NO_COMMON_BLOCKS = YES;
				GCC_WARN_64_TO_32_BIT_CONVERSION = YES;
				GCC_WARN_ABOUT_RETURN_TYPE = YES_ERROR;
				GCC_WARN_UNDECLARED_SELECTOR = YES;
				GCC_WARN_UNINITIALIZED_AUTOS = YES_AGGRESSIVE;
				GCC_WARN_UNUSED_FUNCTION = YES;
				GCC_WARN_UNUSED_VARIABLE = YES;
				IPHONEOS_DEPLOYMENT_TARGET = 15.4;
				MTL_ENABLE_DEBUG_INFO = NO;
				MTL_FAST_MATH = YES;
				SDKROOT = iphoneos;
				SWIFT_COMPILATION_MODE = wholemodule;
				SWIFT_OPTIMIZATION_LEVEL = "-O";
				VALIDATE_PRODUCT = YES;
			};
			name = Release;
		};
		07FA254328A4044B009A928D /* Debug */ = {
			isa = XCBuildConfiguration;
			buildSettings = {
				ASSETCATALOG_COMPILER_APPICON_NAME = AppIcon;
				ASSETCATALOG_COMPILER_GLOBAL_ACCENT_COLOR_NAME = AccentColor;
				CODE_SIGN_STYLE = Automatic;
				CURRENT_PROJECT_VERSION = 1;
				DEVELOPMENT_TEAM = L8CJRZAUQT;
				GENERATE_INFOPLIST_FILE = YES;
				INFOPLIST_FILE = MobilePayment/Resources/Info.plist;
				INFOPLIST_KEY_UIApplicationSupportsIndirectInputEvents = YES;
				INFOPLIST_KEY_UILaunchStoryboardName = LaunchScreen;
				INFOPLIST_KEY_UISupportedInterfaceOrientations_iPad = "UIInterfaceOrientationPortrait UIInterfaceOrientationPortraitUpsideDown UIInterfaceOrientationLandscapeLeft UIInterfaceOrientationLandscapeRight";
				INFOPLIST_KEY_UISupportedInterfaceOrientations_iPhone = "UIInterfaceOrientationPortrait UIInterfaceOrientationLandscapeLeft UIInterfaceOrientationLandscapeRight";
				LD_RUNPATH_SEARCH_PATHS = (
					"$(inherited)",
					"@executable_path/Frameworks",
				);
				MARKETING_VERSION = 1.0;
				PRODUCT_BUNDLE_IDENTIFIER = com.ibrahimeryilmaz.MobilePayment;
				PRODUCT_NAME = "$(TARGET_NAME)";
				SWIFT_EMIT_LOC_STRINGS = YES;
				SWIFT_VERSION = 5.0;
				TARGETED_DEVICE_FAMILY = "1,2";
			};
			name = Debug;
		};
		07FA254428A4044B009A928D /* Release */ = {
			isa = XCBuildConfiguration;
			buildSettings = {
				ASSETCATALOG_COMPILER_APPICON_NAME = AppIcon;
				ASSETCATALOG_COMPILER_GLOBAL_ACCENT_COLOR_NAME = AccentColor;
				CODE_SIGN_STYLE = Automatic;
				CURRENT_PROJECT_VERSION = 1;
				DEVELOPMENT_TEAM = L8CJRZAUQT;
				GENERATE_INFOPLIST_FILE = YES;
				INFOPLIST_FILE = MobilePayment/Resources/Info.plist;
				INFOPLIST_KEY_UIApplicationSupportsIndirectInputEvents = YES;
				INFOPLIST_KEY_UILaunchStoryboardName = LaunchScreen;
				INFOPLIST_KEY_UISupportedInterfaceOrientations_iPad = "UIInterfaceOrientationPortrait UIInterfaceOrientationPortraitUpsideDown UIInterfaceOrientationLandscapeLeft UIInterfaceOrientationLandscapeRight";
				INFOPLIST_KEY_UISupportedInterfaceOrientations_iPhone = "UIInterfaceOrientationPortrait UIInterfaceOrientationLandscapeLeft UIInterfaceOrientationLandscapeRight";
				LD_RUNPATH_SEARCH_PATHS = (
					"$(inherited)",
					"@executable_path/Frameworks",
				);
				MARKETING_VERSION = 1.0;
				PRODUCT_BUNDLE_IDENTIFIER = com.ibrahimeryilmaz.MobilePayment;
				PRODUCT_NAME = "$(TARGET_NAME)";
				SWIFT_EMIT_LOC_STRINGS = YES;
				SWIFT_VERSION = 5.0;
				TARGETED_DEVICE_FAMILY = "1,2";
			};
			name = Release;
		};
/* End XCBuildConfiguration section */

/* Begin XCConfigurationList section */
		07FA252928A40448009A928D /* Build configuration list for PBXProject "MobilePayment" */ = {
			isa = XCConfigurationList;
			buildConfigurations = (
				07FA254028A4044B009A928D /* Debug */,
				07FA254128A4044B009A928D /* Release */,
			);
			defaultConfigurationIsVisible = 0;
			defaultConfigurationName = Release;
		};
		07FA254228A4044B009A928D /* Build configuration list for PBXNativeTarget "MobilePayment" */ = {
			isa = XCConfigurationList;
			buildConfigurations = (
				07FA254328A4044B009A928D /* Debug */,
				07FA254428A4044B009A928D /* Release */,
			);
			defaultConfigurationIsVisible = 0;
			defaultConfigurationName = Release;
		};
/* End XCConfigurationList section */
	};
	rootObject = 07FA252628A40448009A928D /* Project object */;
}
